
Microsoft Visual Studio Solution File, Format Version 12.00
# Visual Studio 2012
Project("{8BC9CEB8-8B4A-11D0-8D11-00A0C91BC942}") = "SETTree", "SETTree\SETTree.vcxproj", "{21BE7119-6237-4D96-8853-57772DA73BB8}"
EndProject
Global
	GlobalSection(SolutionConfigurationPlatforms) = preSolution
		Debug|Win32 = Debug|Win32
		Release|Win32 = Release|Win32
	EndGlobalSection
	GlobalSection(ProjectConfigurationPlatforms) = postSolution
		{21BE7119-6237-4D96-8853-57772DA73BB8}.Debug|Win32.ActiveCfg = Debug|Win32
		{21BE7119-6237-4D96-8853-57772DA73BB8}.Debug|Win32.Build.0 = Debug|Win32
		{21BE7119-6237-4D96-8853-57772DA73BB8}.Release|Win32.ActiveCfg = Release|Win32
		{21BE7119-6237-4D96-8853-57772DA73BB8}.Release|Win32.Build.0 = Release|Win32
	EndGlobalSection
	GlobalSection(SolutionProperties) = preSolution
		HideSolutionNode = FALSE
	EndGlobalSection
EndGlobal
